
Microsoft Visual Studio Solution File, Format Version 12.00
Project("{FAE04EC0-301F-11D3-BF4B-00C04F79EFBC}") = "Lesson2_ConsoleOutput", "Lesson2_ConsoleOutput\Lesson2_ConsoleOutput.csproj", "{E6B3C6B3-E190-473D-A747-D65C35A7F5E4}"
EndProject
Project("{FAE04EC0-301F-11D3-BF4B-00C04F79EFBC}") = "Lesson4_Variable", "Lesson4_Variable\Lesson4_Variable.csproj", "{F86BC7CB-7F3B-46A9-990F-92DAAB6D595B}"
EndProject
Project("{FAE04EC0-301F-11D3-BF4B-00C04F79EFBC}") = "Lesson3_TypesData", "Lesson3_TypesData\Lesson3_TypesData.csproj", "{F2835CD3-A5B7-4AF4-A3A3-7E7D4DF248E4}"
EndProject
Project("{FAE04EC0-301F-11D3-BF4B-00C04F79EFBC}") = "Lesson5_ConsoleImput", "Lesson5_ConsoleImput\Lesson5_ConsoleImput.csproj", "{ACDA3CA8-3BD2-48B5-B232-5D54190B0B84}"
EndProject
Project("{FAE04EC0-301F-11D3-BF4B-00C04F79EFBC}") = "Lesson6_StringConverter", "Lesson6_StringConverter\Lesson6_StringConverter.csproj", "{837B25D2-7A3D-4DB1-9C81-2E4CB7DD7DBC}"
EndProject
Project("{FAE04EC0-301F-11D3-BF4B-00C04F79EFBC}") = "Lesson7_StringParse", "Lesson7_StringParse\Lesson7_StringParse.csproj", "{4658E083-E8E3-4C5A-A88E-DD635AB86588}"
EndProject
Project("{FAE04EC0-301F-11D3-BF4B-00C04F79EFBC}") = "Lesson7_StringTryParse", "Lesson7_StringTryParse\Lesson7_StringTryParse.csproj", "{D54E00BF-C82A-4841-AF00-9CD9EBEC03DC}"
EndProject
Project("{FAE04EC0-301F-11D3-BF4B-00C04F79EFBC}") = "Lesson8_ArithmeticOperations", "Lesson8_ArithmeticOperations\Lesson8_ArithmeticOperations.csproj", "{5342D5FD-DD6A-49E6-AC83-B883222E9184}"
EndProject
Project("{FAE04EC0-301F-11D3-BF4B-00C04F79EFBC}") = "HW1_ArithmeticMean", "HW1_ArithmeticMean\HW1_ArithmeticMean.csproj", "{AC0FAF8B-1DBC-4206-A498-5761FBB50987}"
EndProject
Project("{FAE04EC0-301F-11D3-BF4B-00C04F79EFBC}") = "HW1_Composition", "HW1_Composition\HW1_Composition.csproj", "{7E542766-DD18-479B-BCF7-26DF52C62599}"
EndProject
Project("{FAE04EC0-301F-11D3-BF4B-00C04F79EFBC}") = "HW1_CurrencyExchange", "HW1_CurrencyExchange\HW1_CurrencyExchange.csproj", "{B0896AC5-81AF-4ADC-AB56-CAB4D5B53B98}"
EndProject
Project("{2150E333-8FDC-42A3-9474-1A3956D46DE8}") = "HomeWork", "HomeWork", "{C278D282-65FB-46B2-835F-9B68DE0A6AF1}"
EndProject
Project("{2150E333-8FDC-42A3-9474-1A3956D46DE8}") = "Lessons", "Lessons", "{3966238A-6611-4123-9A0B-75F081FEF151}"
EndProject
Global
	GlobalSection(SolutionConfigurationPlatforms) = preSolution
		Debug|Any CPU = Debug|Any CPU
		Release|Any CPU = Release|Any CPU
	EndGlobalSection
	GlobalSection(ProjectConfigurationPlatforms) = postSolution
		{E6B3C6B3-E190-473D-A747-D65C35A7F5E4}.Debug|Any CPU.ActiveCfg = Debug|Any CPU
		{E6B3C6B3-E190-473D-A747-D65C35A7F5E4}.Debug|Any CPU.Build.0 = Debug|Any CPU
		{E6B3C6B3-E190-473D-A747-D65C35A7F5E4}.Release|Any CPU.ActiveCfg = Release|Any CPU
		{E6B3C6B3-E190-473D-A747-D65C35A7F5E4}.Release|Any CPU.Build.0 = Release|Any CPU
		{F86BC7CB-7F3B-46A9-990F-92DAAB6D595B}.Debug|Any CPU.ActiveCfg = Debug|Any CPU
		{F86BC7CB-7F3B-46A9-990F-92DAAB6D595B}.Debug|Any CPU.Build.0 = Debug|Any CPU
		{F86BC7CB-7F3B-46A9-990F-92DAAB6D595B}.Release|Any CPU.ActiveCfg = Release|Any CPU
		{F86BC7CB-7F3B-46A9-990F-92DAAB6D595B}.Release|Any CPU.Build.0 = Release|Any CPU
		{F2835CD3-A5B7-4AF4-A3A3-7E7D4DF248E4}.Debug|Any CPU.ActiveCfg = Debug|Any CPU
		{F2835CD3-A5B7-4AF4-A3A3-7E7D4DF248E4}.Debug|Any CPU.Build.0 = Debug|Any CPU
		{F2835CD3-A5B7-4AF4-A3A3-7E7D4DF248E4}.Release|Any CPU.ActiveCfg = Release|Any CPU
		{F2835CD3-A5B7-4AF4-A3A3-7E7D4DF248E4}.Release|Any CPU.Build.0 = Release|Any CPU
		{ACDA3CA8-3BD2-48B5-B232-5D54190B0B84}.Debug|Any CPU.ActiveCfg = Debug|Any CPU
		{ACDA3CA8-3BD2-48B5-B232-5D54190B0B84}.Debug|Any CPU.Build.0 = Debug|Any CPU
		{ACDA3CA8-3BD2-48B5-B232-5D54190B0B84}.Release|Any CPU.ActiveCfg = Release|Any CPU
		{ACDA3CA8-3BD2-48B5-B232-5D54190B0B84}.Release|Any CPU.Build.0 = Release|Any CPU
		{837B25D2-7A3D-4DB1-9C81-2E4CB7DD7DBC}.Debug|Any CPU.ActiveCfg = Debug|Any CPU
		{837B25D2-7A3D-4DB1-9C81-2E4CB7DD7DBC}.Debug|Any CPU.Build.0 = Debug|Any CPU
		{837B25D2-7A3D-4DB1-9C81-2E4CB7DD7DBC}.Release|Any CPU.ActiveCfg = Release|Any CPU
		{837B25D2-7A3D-4DB1-9C81-2E4CB7DD7DBC}.Release|Any CPU.Build.0 = Release|Any CPU
		{4658E083-E8E3-4C5A-A88E-DD635AB86588}.Debug|Any CPU.ActiveCfg = Debug|Any CPU
		{4658E083-E8E3-4C5A-A88E-DD635AB86588}.Debug|Any CPU.Build.0 = Debug|Any CPU
		{4658E083-E8E3-4C5A-A88E-DD635AB86588}.Release|Any CPU.ActiveCfg = Release|Any CPU
		{4658E083-E8E3-4C5A-A88E-DD635AB86588}.Release|Any CPU.Build.0 = Release|Any CPU
		{D54E00BF-C82A-4841-AF00-9CD9EBEC03DC}.Debug|Any CPU.ActiveCfg = Debug|Any CPU
		{D54E00BF-C82A-4841-AF00-9CD9EBEC03DC}.Debug|Any CPU.Build.0 = Debug|Any CPU
		{D54E00BF-C82A-4841-AF00-9CD9EBEC03DC}.Release|Any CPU.ActiveCfg = Release|Any CPU
		{D54E00BF-C82A-4841-AF00-9CD9EBEC03DC}.Release|Any CPU.Build.0 = Release|Any CPU
		{5342D5FD-DD6A-49E6-AC83-B883222E9184}.Debug|Any CPU.ActiveCfg = Debug|Any CPU
		{5342D5FD-DD6A-49E6-AC83-B883222E9184}.Debug|Any CPU.Build.0 = Debug|Any CPU
		{5342D5FD-DD6A-49E6-AC83-B883222E9184}.Release|Any CPU.ActiveCfg = Release|Any CPU
		{5342D5FD-DD6A-49E6-AC83-B883222E9184}.Release|Any CPU.Build.0 = Release|Any CPU
		{AC0FAF8B-1DBC-4206-A498-5761FBB50987}.Debug|Any CPU.ActiveCfg = Debug|Any CPU
		{AC0FAF8B-1DBC-4206-A498-5761FBB50987}.Debug|Any CPU.Build.0 = Debug|Any CPU
		{AC0FAF8B-1DBC-4206-A498-5761FBB50987}.Release|Any CPU.ActiveCfg = Release|Any CPU
		{AC0FAF8B-1DBC-4206-A498-5761FBB50987}.Release|Any CPU.Build.0 = Release|Any CPU
		{7E542766-DD18-479B-BCF7-26DF52C62599}.Debug|Any CPU.ActiveCfg = Debug|Any CPU
		{7E542766-DD18-479B-BCF7-26DF52C62599}.Debug|Any CPU.Build.0 = Debug|Any CPU
		{7E542766-DD18-479B-BCF7-26DF52C62599}.Release|Any CPU.ActiveCfg = Release|Any CPU
		{7E542766-DD18-479B-BCF7-26DF52C62599}.Release|Any CPU.Build.0 = Release|Any CPU
		{B0896AC5-81AF-4ADC-AB56-CAB4D5B53B98}.Debug|Any CPU.ActiveCfg = Debug|Any CPU
		{B0896AC5-81AF-4ADC-AB56-CAB4D5B53B98}.Debug|Any CPU.Build.0 = Debug|Any CPU
		{B0896AC5-81AF-4ADC-AB56-CAB4D5B53B98}.Release|Any CPU.ActiveCfg = Release|Any CPU
		{B0896AC5-81AF-4ADC-AB56-CAB4D5B53B98}.Release|Any CPU.Build.0 = Release|Any CPU
	EndGlobalSection
	GlobalSection(NestedProjects) = preSolution
		{AC0FAF8B-1DBC-4206-A498-5761FBB50987} = {C278D282-65FB-46B2-835F-9B68DE0A6AF1}
		{7E542766-DD18-479B-BCF7-26DF52C62599} = {C278D282-65FB-46B2-835F-9B68DE0A6AF1}
		{B0896AC5-81AF-4ADC-AB56-CAB4D5B53B98} = {C278D282-65FB-46B2-835F-9B68DE0A6AF1}
		{E6B3C6B3-E190-473D-A747-D65C35A7F5E4} = {3966238A-6611-4123-9A0B-75F081FEF151}
		{F2835CD3-A5B7-4AF4-A3A3-7E7D4DF248E4} = {3966238A-6611-4123-9A0B-75F081FEF151}
		{F86BC7CB-7F3B-46A9-990F-92DAAB6D595B} = {3966238A-6611-4123-9A0B-75F081FEF151}
		{ACDA3CA8-3BD2-48B5-B232-5D54190B0B84} = {3966238A-6611-4123-9A0B-75F081FEF151}
		{837B25D2-7A3D-4DB1-9C81-2E4CB7DD7DBC} = {3966238A-6611-4123-9A0B-75F081FEF151}
		{4658E083-E8E3-4C5A-A88E-DD635AB86588} = {3966238A-6611-4123-9A0B-75F081FEF151}
		{D54E00BF-C82A-4841-AF00-9CD9EBEC03DC} = {3966238A-6611-4123-9A0B-75F081FEF151}
		{5342D5FD-DD6A-49E6-AC83-B883222E9184} = {3966238A-6611-4123-9A0B-75F081FEF151}
	EndGlobalSection
EndGlobal
