
Microsoft Visual Studio Solution File, Format Version 12.00
Project("{FAE04EC0-301F-11D3-BF4B-00C04F79EFBC}") = "Lesson2_ConsoleOutput", "Lesson2_ConsoleOutput\Lesson2_ConsoleOutput.csproj", "{E6B3C6B3-E190-473D-A747-D65C35A7F5E4}"
EndProject
Project("{FAE04EC0-301F-11D3-BF4B-00C04F79EFBC}") = "Lesson4_Variable", "Lesson4_Variable\Lesson4_Variable.csproj", "{F86BC7CB-7F3B-46A9-990F-92DAAB6D595B}"
EndProject
Project("{FAE04EC0-301F-11D3-BF4B-00C04F79EFBC}") = "Lesson3_TypesData", "Lesson3_TypesData\Lesson3_TypesData.csproj", "{F2835CD3-A5B7-4AF4-A3A3-7E7D4DF248E4}"
EndProject
Project("{FAE04EC0-301F-11D3-BF4B-00C04F79EFBC}") = "Lesson5_ConsoleImput", "Lesson5_ConsoleImput\Lesson5_ConsoleImput.csproj", "{ACDA3CA8-3BD2-48B5-B232-5D54190B0B84}"
EndProject
Project("{FAE04EC0-301F-11D3-BF4B-00C04F79EFBC}") = "Lesson6_StringConverter", "Lesson6_StringConverter\Lesson6_StringConverter.csproj", "{837B25D2-7A3D-4DB1-9C81-2E4CB7DD7DBC}"
EndProject
Global
	GlobalSection(SolutionConfigurationPlatforms) = preSolution
		Debug|Any CPU = Debug|Any CPU
		Release|Any CPU = Release|Any CPU
	EndGlobalSection
	GlobalSection(ProjectConfigurationPlatforms) = postSolution
		{E6B3C6B3-E190-473D-A747-D65C35A7F5E4}.Debug|Any CPU.ActiveCfg = Debug|Any CPU
		{E6B3C6B3-E190-473D-A747-D65C35A7F5E4}.Debug|Any CPU.Build.0 = Debug|Any CPU
		{E6B3C6B3-E190-473D-A747-D65C35A7F5E4}.Release|Any CPU.ActiveCfg = Release|Any CPU
		{E6B3C6B3-E190-473D-A747-D65C35A7F5E4}.Release|Any CPU.Build.0 = Release|Any CPU
		{F86BC7CB-7F3B-46A9-990F-92DAAB6D595B}.Debug|Any CPU.ActiveCfg = Debug|Any CPU
		{F86BC7CB-7F3B-46A9-990F-92DAAB6D595B}.Debug|Any CPU.Build.0 = Debug|Any CPU
		{F86BC7CB-7F3B-46A9-990F-92DAAB6D595B}.Release|Any CPU.ActiveCfg = Release|Any CPU
		{F86BC7CB-7F3B-46A9-990F-92DAAB6D595B}.Release|Any CPU.Build.0 = Release|Any CPU
		{F2835CD3-A5B7-4AF4-A3A3-7E7D4DF248E4}.Debug|Any CPU.ActiveCfg = Debug|Any CPU
		{F2835CD3-A5B7-4AF4-A3A3-7E7D4DF248E4}.Debug|Any CPU.Build.0 = Debug|Any CPU
		{F2835CD3-A5B7-4AF4-A3A3-7E7D4DF248E4}.Release|Any CPU.ActiveCfg = Release|Any CPU
		{F2835CD3-A5B7-4AF4-A3A3-7E7D4DF248E4}.Release|Any CPU.Build.0 = Release|Any CPU
		{ACDA3CA8-3BD2-48B5-B232-5D54190B0B84}.Debug|Any CPU.ActiveCfg = Debug|Any CPU
		{ACDA3CA8-3BD2-48B5-B232-5D54190B0B84}.Debug|Any CPU.Build.0 = Debug|Any CPU
		{ACDA3CA8-3BD2-48B5-B232-5D54190B0B84}.Release|Any CPU.ActiveCfg = Release|Any CPU
		{ACDA3CA8-3BD2-48B5-B232-5D54190B0B84}.Release|Any CPU.Build.0 = Release|Any CPU
		{837B25D2-7A3D-4DB1-9C81-2E4CB7DD7DBC}.Debug|Any CPU.ActiveCfg = Debug|Any CPU
		{837B25D2-7A3D-4DB1-9C81-2E4CB7DD7DBC}.Debug|Any CPU.Build.0 = Debug|Any CPU
		{837B25D2-7A3D-4DB1-9C81-2E4CB7DD7DBC}.Release|Any CPU.ActiveCfg = Release|Any CPU
		{837B25D2-7A3D-4DB1-9C81-2E4CB7DD7DBC}.Release|Any CPU.Build.0 = Release|Any CPU
	EndGlobalSection
EndGlobal
