
Microsoft Visual Studio Solution File, Format Version 12.00
Project("{FAE04EC0-301F-11D3-BF4B-00C04F79EFBC}") = "CSharp-learning", "CSharp-learning\CSharp-learning.csproj", "{E6B3C6B3-E190-473D-A747-D65C35A7F5E4}"
EndProject
Global
	GlobalSection(SolutionConfigurationPlatforms) = preSolution
		Debug|Any CPU = Debug|Any CPU
		Release|Any CPU = Release|Any CPU
	EndGlobalSection
	GlobalSection(ProjectConfigurationPlatforms) = postSolution
		{E6B3C6B3-E190-473D-A747-D65C35A7F5E4}.Debug|Any CPU.ActiveCfg = Debug|Any CPU
		{E6B3C6B3-E190-473D-A747-D65C35A7F5E4}.Debug|Any CPU.Build.0 = Debug|Any CPU
		{E6B3C6B3-E190-473D-A747-D65C35A7F5E4}.Release|Any CPU.ActiveCfg = Release|Any CPU
		{E6B3C6B3-E190-473D-A747-D65C35A7F5E4}.Release|Any CPU.Build.0 = Release|Any CPU
	EndGlobalSection
EndGlobal
